{"1.1.0",
[{<<"aecuckoo">>,
  {git,"https://github.com/aeternity/aecuckoo.git",
      {ref,"fa3d13e8c7003589153223f634c851d389b61b93"}},
  2},
 {<<"aecuckooprebuilt">>,
  {aecuckooprebuilt_app_with_priv_from_git,
      {git,"https://github.com/aeternity/cuckoo-prebuilt.git",
          {ref,"90afb699dc9cc41d033a7c8551179d32b3bd569d"}}},
  2},
 {<<"aeminer">>,
  {git,"https://github.com/aeternity/aeminer.git",
      {ref,"1cf2ecfd83f6ca3ec21a183f730083cf63ae7feb"}},
  1},
 {<<"aestratum_lib">>,
  {git,"https://github.com/aeternity/aestratum_lib.git",
      {ref,"5c8214542f7c1c34fcc5794d14c1168e7134c176"}},
  0},
 {<<"base58">>,
  {git,"https://github.com/aeternity/erl-base58.git",
      {ref,"60a335668a60328a29f9731b67c4a0e9e3d50ab6"}},
  1},
 {<<"enacl">>,
  {git,"https://github.com/aeternity/enacl.git",
      {ref,"26180f42c0b3a450905d2efd8bc7fd5fd9cece75"}},
  2},
 {<<"goldrush">>,{pkg,<<"goldrush">>,<<"0.1.9">>},1},
 {<<"jesse">>,
  {git,"https://github.com/for-GET/jesse.git",
      {ref,"9f9d050627093d6a43e02a102d78122f0c4989c8"}},
  0},
 {<<"jsx">>,
  {git,"https://github.com/talentdeficit/jsx.git",
      {ref,"fc2a001073f2300ba38427c23e83d5673c020542"}},
  1},
 {<<"lager">>,
  {git,"https://github.com/erlang-lager/lager.git",
      {ref,"69b4ada2341b8ab2cf5c8e464ac936e5e4a9f62b"}},
  0},
 {<<"rfc3339">>,
  {git,"git://github.com/andreineculau/rfc3339.git",
      {ref,"dcc77d66430490620677de8140a3415dfbd3fa61"}},
  1},
 {<<"yamerl">>,{pkg,<<"yamerl">>,<<"0.7.0">>},0}]}.
[
{pkg_hash,[
 {<<"goldrush">>, <<"F06E5D5F1277DA5C413E84D5A2924174182FB108DABB39D5EC548B27424CD106">>},
 {<<"yamerl">>, <<"E51DBA652DCE74C20A88294130B48051EBBBB0BE7D76F22DE064F0F3CCF0AAF5">>}]}
].
