{"1.2.0",
[{<<"aecuckoo">>,
  {git,"https://github.com/aeternity/aecuckoo.git",
      {ref,"695fbbc8245dbadab7edf4e4a119f094a5a400d3"}},
  2},
 {<<"aecuckooprebuilt">>,
  {aecuckooprebuilt_app_with_priv_from_git,
      {git,"https://github.com/aeternity/cuckoo-prebuilt.git",
          {ref,"90afb699dc9cc41d033a7c8551179d32b3bd569d"}}},
  2},
 {<<"aeminer">>,
  {git,"https://github.com/aeternity/aeminer.git",
      {ref,"33be529b68f63c494136e69cf42f9842ccf3fc5d"}},
  1},
 {<<"aestratum_lib">>,
  {git,"https://github.com/aeternity/aestratum_lib.git",
      {ref,"cee4b3c9cd5ce4da91f9b1250c8f28c372fb7603"}},
  0},
 {<<"base58">>,
  {git,"https://github.com/aeternity/erl-base58.git",
      {ref,"60a335668a60328a29f9731b67c4a0e9e3d50ab6"}},
  1},
 {<<"enacl">>,
  {git,"https://github.com/aeternity/enacl.git",
      {ref,"67fceef42c0d055570f2e67b571f8d1f8de2f204"}},
  2},
 {<<"goldrush">>,{pkg,<<"goldrush">>,<<"0.1.9">>},1},
 {<<"hut">>,{pkg,<<"hut">>,<<"1.3.0">>},2},
 {<<"jesse">>,
  {git,"https://github.com/for-GET/jesse.git",
      {ref,"cf075d213ae9e9c54a748c93cc64d5350e646f9a"}},
  0},
 {<<"jsx">>,
  {git,"https://github.com/talentdeficit/jsx.git",
      {ref,"fc2a001073f2300ba38427c23e83d5673c020542"}},
  1},
 {<<"lager">>,
  {git,"https://github.com/aeternity/lager.git",
      {ref,"a119ed7473f41e694985a692a6c645348f71c9e5"}},
  0},
 {<<"rfc3339">>,{pkg,<<"rfc3339">>,<<"0.2.2">>},1},
 {<<"yamerl">>,{pkg,<<"yamerl">>,<<"0.7.0">>},0}]}.
[
{pkg_hash,[
 {<<"goldrush">>, <<"F06E5D5F1277DA5C413E84D5A2924174182FB108DABB39D5EC548B27424CD106">>},
 {<<"hut">>, <<"71F2F054E657C03F959CF1ACC43F436EA87580696528CA2A55C8AFB1B06C85E7">>},
 {<<"rfc3339">>, <<"1552DF616ACA368D982E9F085A0E933B6688A3F4938A671798978EC2C0C58730">>},
 {<<"yamerl">>, <<"E51DBA652DCE74C20A88294130B48051EBBBB0BE7D76F22DE064F0F3CCF0AAF5">>}]},
{pkg_hash_ext,[
 {<<"goldrush">>, <<"99CB4128CFFCB3227581E5D4D803D5413FA643F4EB96523F77D9E6937D994CEB">>},
 {<<"hut">>, <<"7E15D28555D8A1F2B5A3A931EC120AF0753E4853A4C66053DB354F35BF9AB563">>},
 {<<"rfc3339">>, <<"986D7F9BAC6891AA4D5051690058DE4E623245620BBEADA7F239F85C4DF8F23C">>},
 {<<"yamerl">>, <<"CB5A4481E2E2AD36DB83BD9962153E1A9208E2B2484185E33FC2CAAC6A50B108">>}]}
].
